{
  "nodes": {
    "liberate": {
      "inputs": {
        "nixpkgs": [
          "nixpkgs"
        ]
      },
      "locked": {
        "lastModified": 1628090349,
        "narHash": "sha256-B3LbWc2Ho1MSohlkx2DLWeneldxoAjoB7EjQv/qPQuo=",
        "owner": "ngi-nix",
        "repo": "liberate",
        "rev": "5d168bc8f208a578b21716234f4f16a5bcafad50",
        "type": "github"
      },
      "original": {
        "owner": "ngi-nix",
        "repo": "liberate",
        "type": "github"
      }
    },
    "nixpkgs": {
      "locked": {
        "lastModified": 1627805549,
        "narHash": "sha256-+LHhcpzw6vAxF6q0VSLkZSEGpDC02JN21KM8eUWz+is=",
        "owner": "NixOS",
        "repo": "nixpkgs",
        "rev": "16bf3980bfa0d8929639be93fa8491ebad9d61ec",
        "type": "github"
      },
      "original": {
        "owner": "NixOS",
        "ref": "nixos-21.05",
        "repo": "nixpkgs",
        "type": "github"
      }
    },
    "root": {
      "inputs": {
        "liberate": "liberate",
        "nixpkgs": "nixpkgs"
      }
    }
  },
  "root": "root",
  "version": 7
}
